
Microsoft Visual Studio Solution File, Format Version 12.00
# Visual Studio Version 17
VisualStudioVersion = 17.5.33424.131
MinimumVisualStudioVersion = 10.0.40219.1
Project("{9A19103F-16F7-4668-BE54-9A1E7A4F7556}") = "RoomBookingApp.Core.Tests", "RoomBookingApp.Core.Tests\RoomBookingApp.Core.Tests.csproj", "{730D1296-0569-40BF-9B43-E0B2869E9B9A}"
EndProject
Project("{9A19103F-16F7-4668-BE54-9A1E7A4F7556}") = "RoomBookingApp.Core", "RoomBookingApp.Core\RoomBookingApp.Core.csproj", "{A46F0AC0-C3CB-44C2-8BFC-D2C40A4005F8}"
EndProject
Project("{9A19103F-16F7-4668-BE54-9A1E7A4F7556}") = "RoomBookingApp.Domain", "RoomBookingApp.Domain\RoomBookingApp.Domain.csproj", "{553CC93D-5E7A-495E-8F67-10EA4362BD5D}"
EndProject
Project("{9A19103F-16F7-4668-BE54-9A1E7A4F7556}") = "RoomBookingApp.Persistance", "RoomBookingApp.Persistance\RoomBookingApp.Persistance.csproj", "{FEA3A727-0825-4DB0-AFF5-A5C2C9ADDD81}"
EndProject
Project("{9A19103F-16F7-4668-BE54-9A1E7A4F7556}") = "RoomBookingApp.Persistence.Test.cs", "RoomBookingApp.Persistence.Test.cs\RoomBookingApp.Persistence.Test.cs.csproj", "{41623F13-F483-41B2-9EDE-F1E671E2512E}"
EndProject
Project("{FAE04EC0-301F-11D3-BF4B-00C04F79EFBC}") = "RoomBookingApp.Api", "RoomBookingApp.Api\RoomBookingApp.Api.csproj", "{728F8088-9385-46B9-BA33-1F85F86635C4}"
EndProject
Project("{FAE04EC0-301F-11D3-BF4B-00C04F79EFBC}") = "RoomBookingApp.Api.Tests", "RoomBookingApp.Api.Tests\RoomBookingApp.Api.Tests.csproj", "{92046A56-D4BB-43CA-9A1E-EFE00B1C8325}"
EndProject
Global
	GlobalSection(SolutionConfigurationPlatforms) = preSolution
		Debug|Any CPU = Debug|Any CPU
		Release|Any CPU = Release|Any CPU
	EndGlobalSection
	GlobalSection(ProjectConfigurationPlatforms) = postSolution
		{730D1296-0569-40BF-9B43-E0B2869E9B9A}.Debug|Any CPU.ActiveCfg = Debug|Any CPU
		{730D1296-0569-40BF-9B43-E0B2869E9B9A}.Debug|Any CPU.Build.0 = Debug|Any CPU
		{730D1296-0569-40BF-9B43-E0B2869E9B9A}.Release|Any CPU.ActiveCfg = Release|Any CPU
		{730D1296-0569-40BF-9B43-E0B2869E9B9A}.Release|Any CPU.Build.0 = Release|Any CPU
		{A46F0AC0-C3CB-44C2-8BFC-D2C40A4005F8}.Debug|Any CPU.ActiveCfg = Debug|Any CPU
		{A46F0AC0-C3CB-44C2-8BFC-D2C40A4005F8}.Debug|Any CPU.Build.0 = Debug|Any CPU
		{A46F0AC0-C3CB-44C2-8BFC-D2C40A4005F8}.Release|Any CPU.ActiveCfg = Release|Any CPU
		{A46F0AC0-C3CB-44C2-8BFC-D2C40A4005F8}.Release|Any CPU.Build.0 = Release|Any CPU
		{553CC93D-5E7A-495E-8F67-10EA4362BD5D}.Debug|Any CPU.ActiveCfg = Debug|Any CPU
		{553CC93D-5E7A-495E-8F67-10EA4362BD5D}.Debug|Any CPU.Build.0 = Debug|Any CPU
		{553CC93D-5E7A-495E-8F67-10EA4362BD5D}.Release|Any CPU.ActiveCfg = Release|Any CPU
		{553CC93D-5E7A-495E-8F67-10EA4362BD5D}.Release|Any CPU.Build.0 = Release|Any CPU
		{FEA3A727-0825-4DB0-AFF5-A5C2C9ADDD81}.Debug|Any CPU.ActiveCfg = Debug|Any CPU
		{FEA3A727-0825-4DB0-AFF5-A5C2C9ADDD81}.Debug|Any CPU.Build.0 = Debug|Any CPU
		{FEA3A727-0825-4DB0-AFF5-A5C2C9ADDD81}.Release|Any CPU.ActiveCfg = Release|Any CPU
		{FEA3A727-0825-4DB0-AFF5-A5C2C9ADDD81}.Release|Any CPU.Build.0 = Release|Any CPU
		{41623F13-F483-41B2-9EDE-F1E671E2512E}.Debug|Any CPU.ActiveCfg = Debug|Any CPU
		{41623F13-F483-41B2-9EDE-F1E671E2512E}.Debug|Any CPU.Build.0 = Debug|Any CPU
		{41623F13-F483-41B2-9EDE-F1E671E2512E}.Release|Any CPU.ActiveCfg = Release|Any CPU
		{41623F13-F483-41B2-9EDE-F1E671E2512E}.Release|Any CPU.Build.0 = Release|Any CPU
		{728F8088-9385-46B9-BA33-1F85F86635C4}.Debug|Any CPU.ActiveCfg = Debug|Any CPU
		{728F8088-9385-46B9-BA33-1F85F86635C4}.Debug|Any CPU.Build.0 = Debug|Any CPU
		{728F8088-9385-46B9-BA33-1F85F86635C4}.Release|Any CPU.ActiveCfg = Release|Any CPU
		{728F8088-9385-46B9-BA33-1F85F86635C4}.Release|Any CPU.Build.0 = Release|Any CPU
		{92046A56-D4BB-43CA-9A1E-EFE00B1C8325}.Debug|Any CPU.ActiveCfg = Debug|Any CPU
		{92046A56-D4BB-43CA-9A1E-EFE00B1C8325}.Debug|Any CPU.Build.0 = Debug|Any CPU
		{92046A56-D4BB-43CA-9A1E-EFE00B1C8325}.Release|Any CPU.ActiveCfg = Release|Any CPU
		{92046A56-D4BB-43CA-9A1E-EFE00B1C8325}.Release|Any CPU.Build.0 = Release|Any CPU
	EndGlobalSection
	GlobalSection(SolutionProperties) = preSolution
		HideSolutionNode = FALSE
	EndGlobalSection
	GlobalSection(ExtensibilityGlobals) = postSolution
		SolutionGuid = {62981262-0C65-4500-8F91-CFE25ECDADFA}
	EndGlobalSection
EndGlobal
